
Microsoft Visual Studio Solution File, Format Version 12.00
# Visual Studio Version 16
VisualStudioVersion = 16.0.31129.286
MinimumVisualStudioVersion = 10.0.40219.1
Project("{9A19103F-16F7-4668-BE54-9A1E7A4F7556}") = "II_Transcribing_DNA_Into_RNA", "II_Transcribing_DNA_Into_RNA\II_Transcribing_DNA_Into_RNA.csproj", "{0225881D-C96E-4519-9061-DAD0E5D0ABD9}"
EndProject
Project("{9A19103F-16F7-4668-BE54-9A1E7A4F7556}") = "III_Complementing_a_Strand_of_DNA", "III_Complementing_a_Strand_of_DNA\III_Complementing_a_Strand_of_DNA.csproj", "{DBFC6D03-9023-466F-8310-889B56FE435D}"
EndProject
Project("{9A19103F-16F7-4668-BE54-9A1E7A4F7556}") = "IV_Computing_GC_Content", "IV_Computing_GC_Content\IV_Computing_GC_Content.csproj", "{7EF2C06F-2865-4F80-8252-6725223E56D5}"
EndProject
Project("{9A19103F-16F7-4668-BE54-9A1E7A4F7556}") = "I_Counting_DNA_Nucleotides", "I_Counting_DNA_Nucleotides\I_Counting_DNA_Nucleotides.csproj", "{31943E75-6094-43F6-8BDD-AC982F411648}"
EndProject
Project("{FAE04EC0-301F-11D3-BF4B-00C04F79EFBC}") = "V_Translating_RNA_into_Protein", "V_Translating_RNA_into_Protein\V_Translating_RNA_into_Protein.csproj", "{1668FF39-542A-422B-B755-E82F43EDC9DE}"
EndProject
Project("{FAE04EC0-301F-11D3-BF4B-00C04F79EFBC}") = "VI_Finding_a_Motif_in_DNA", "VI_Finding_a_Motif_in_DNA\VI_Finding_a_Motif_in_DNA.csproj", "{AF59E14D-9A04-4739-83CE-6134BEB084BC}"
EndProject
Project("{FAE04EC0-301F-11D3-BF4B-00C04F79EFBC}") = "VII_Inferring_mRNA_from_Protein", "VII_Inferring_mRNA_from_Protein\VII_Inferring_mRNA_from_Protein.csproj", "{31A11982-4237-4C42-8DF2-1CFF1DD85EB5}"
EndProject
Project("{FAE04EC0-301F-11D3-BF4B-00C04F79EFBC}") = "VIII_Open_Reading_Frames", "VIII_Open_Reading_Frames\VIII_Open_Reading_Frames.csproj", "{A5A8BD36-52AF-4477-8AB2-0FA038BDFE20}"
EndProject
Project("{FAE04EC0-301F-11D3-BF4B-00C04F79EFBC}") = "IX_RNA_Splicing", "IX_RNA_Splicing\IX_RNA_Splicing.csproj", "{12E3005E-053E-44B3-9914-F85ED58B0EC3}"
EndProject
Global
	GlobalSection(SolutionConfigurationPlatforms) = preSolution
		Debug|Any CPU = Debug|Any CPU
		Release|Any CPU = Release|Any CPU
	EndGlobalSection
	GlobalSection(ProjectConfigurationPlatforms) = postSolution
		{0225881D-C96E-4519-9061-DAD0E5D0ABD9}.Debug|Any CPU.ActiveCfg = Debug|Any CPU
		{0225881D-C96E-4519-9061-DAD0E5D0ABD9}.Debug|Any CPU.Build.0 = Debug|Any CPU
		{0225881D-C96E-4519-9061-DAD0E5D0ABD9}.Release|Any CPU.ActiveCfg = Release|Any CPU
		{0225881D-C96E-4519-9061-DAD0E5D0ABD9}.Release|Any CPU.Build.0 = Release|Any CPU
		{DBFC6D03-9023-466F-8310-889B56FE435D}.Debug|Any CPU.ActiveCfg = Debug|Any CPU
		{DBFC6D03-9023-466F-8310-889B56FE435D}.Debug|Any CPU.Build.0 = Debug|Any CPU
		{DBFC6D03-9023-466F-8310-889B56FE435D}.Release|Any CPU.ActiveCfg = Release|Any CPU
		{DBFC6D03-9023-466F-8310-889B56FE435D}.Release|Any CPU.Build.0 = Release|Any CPU
		{7EF2C06F-2865-4F80-8252-6725223E56D5}.Debug|Any CPU.ActiveCfg = Debug|Any CPU
		{7EF2C06F-2865-4F80-8252-6725223E56D5}.Debug|Any CPU.Build.0 = Debug|Any CPU
		{7EF2C06F-2865-4F80-8252-6725223E56D5}.Release|Any CPU.ActiveCfg = Release|Any CPU
		{7EF2C06F-2865-4F80-8252-6725223E56D5}.Release|Any CPU.Build.0 = Release|Any CPU
		{31943E75-6094-43F6-8BDD-AC982F411648}.Debug|Any CPU.ActiveCfg = Debug|Any CPU
		{31943E75-6094-43F6-8BDD-AC982F411648}.Debug|Any CPU.Build.0 = Debug|Any CPU
		{31943E75-6094-43F6-8BDD-AC982F411648}.Release|Any CPU.ActiveCfg = Release|Any CPU
		{31943E75-6094-43F6-8BDD-AC982F411648}.Release|Any CPU.Build.0 = Release|Any CPU
		{1668FF39-542A-422B-B755-E82F43EDC9DE}.Debug|Any CPU.ActiveCfg = Debug|Any CPU
		{1668FF39-542A-422B-B755-E82F43EDC9DE}.Debug|Any CPU.Build.0 = Debug|Any CPU
		{1668FF39-542A-422B-B755-E82F43EDC9DE}.Release|Any CPU.ActiveCfg = Release|Any CPU
		{1668FF39-542A-422B-B755-E82F43EDC9DE}.Release|Any CPU.Build.0 = Release|Any CPU
		{AF59E14D-9A04-4739-83CE-6134BEB084BC}.Debug|Any CPU.ActiveCfg = Debug|Any CPU
		{AF59E14D-9A04-4739-83CE-6134BEB084BC}.Debug|Any CPU.Build.0 = Debug|Any CPU
		{AF59E14D-9A04-4739-83CE-6134BEB084BC}.Release|Any CPU.ActiveCfg = Release|Any CPU
		{AF59E14D-9A04-4739-83CE-6134BEB084BC}.Release|Any CPU.Build.0 = Release|Any CPU
		{31A11982-4237-4C42-8DF2-1CFF1DD85EB5}.Debug|Any CPU.ActiveCfg = Debug|Any CPU
		{31A11982-4237-4C42-8DF2-1CFF1DD85EB5}.Debug|Any CPU.Build.0 = Debug|Any CPU
		{31A11982-4237-4C42-8DF2-1CFF1DD85EB5}.Release|Any CPU.ActiveCfg = Release|Any CPU
		{31A11982-4237-4C42-8DF2-1CFF1DD85EB5}.Release|Any CPU.Build.0 = Release|Any CPU
		{A5A8BD36-52AF-4477-8AB2-0FA038BDFE20}.Debug|Any CPU.ActiveCfg = Debug|Any CPU
		{A5A8BD36-52AF-4477-8AB2-0FA038BDFE20}.Debug|Any CPU.Build.0 = Debug|Any CPU
		{A5A8BD36-52AF-4477-8AB2-0FA038BDFE20}.Release|Any CPU.ActiveCfg = Release|Any CPU
		{A5A8BD36-52AF-4477-8AB2-0FA038BDFE20}.Release|Any CPU.Build.0 = Release|Any CPU
		{12E3005E-053E-44B3-9914-F85ED58B0EC3}.Debug|Any CPU.ActiveCfg = Debug|Any CPU
		{12E3005E-053E-44B3-9914-F85ED58B0EC3}.Debug|Any CPU.Build.0 = Debug|Any CPU
		{12E3005E-053E-44B3-9914-F85ED58B0EC3}.Release|Any CPU.ActiveCfg = Release|Any CPU
		{12E3005E-053E-44B3-9914-F85ED58B0EC3}.Release|Any CPU.Build.0 = Release|Any CPU
	EndGlobalSection
	GlobalSection(SolutionProperties) = preSolution
		HideSolutionNode = FALSE
	EndGlobalSection
	GlobalSection(ExtensibilityGlobals) = postSolution
		SolutionGuid = {AC616257-1294-4C73-B973-E220428DD42E}
	EndGlobalSection
EndGlobal
